<?xml version="1.0" encoding="utf-8"?>
<Project ToolsVersion="17.0" xmlns="http://schemas.microsoft.com/developer/msbuild/2003">
  <ItemGroup>
    <ClCompile Include="C:\Users\ichirou\DM_simulation\src\core\game_state.cpp">
      <Filter>Source Files</Filter>
    </ClCompile>
    <ClCompile Include="C:\Users\ichirou\DM_simulation\src\core\game_state_stats.cpp">
      <Filter>Source Files</Filter>
    </ClCompile>
    <ClCompile Include="C:\Users\ichirou\DM_simulation\src\core\game_state_tracking.cpp">
      <Filter>Source Files</Filter>
    </ClCompile>
    <ClCompile Include="C:\Users\ichirou\DM_simulation\src\core\game_state_hash.cpp">
      <Filter>Source Files</Filter>
    </ClCompile>
    <ClCompile Include="C:\Users\ichirou\DM_simulation\src\core\game_state_loop.cpp">
      <Filter>Source Files</Filter>
    </ClCompile>
    <ClCompile Include="C:\Users\ichirou\DM_simulation\src\engine\actions\intent_generator.cpp">
      <Filter>Source Files</Filter>
    </ClCompile>
    <ClCompile Include="C:\Users\ichirou\DM_simulation\src\engine\actions\strategies\pending_strategy.cpp">
      <Filter>Source Files</Filter>
    </ClCompile>
    <ClCompile Include="C:\Users\ichirou\DM_simulation\src\engine\actions\strategies\stack_strategy.cpp">
      <Filter>Source Files</Filter>
    </ClCompile>
    <ClCompile Include="C:\Users\ichirou\DM_simulation\src\engine\actions\strategies\phase_strategies.cpp">
      <Filter>Source Files</Filter>
    </ClCompile>
    <ClCompile Include="C:\Users\ichirou\DM_simulation\src\engine\systems\flow\phase_manager.cpp">
      <Filter>Source Files</Filter>
    </ClCompile>
    <ClCompile Include="C:\Users\ichirou\DM_simulation\src\engine\systems\mana\mana_system.cpp">
      <Filter>Source Files</Filter>
    </ClCompile>
    <ClCompile Include="C:\Users\ichirou\DM_simulation\src\engine\utils\determinizer.cpp">
      <Filter>Source Files</Filter>
    </ClCompile>
    <ClCompile Include="C:\Users\ichirou\DM_simulation\src\engine\utils\dev_tools.cpp">
      <Filter>Source Files</Filter>
    </ClCompile>
    <ClCompile Include="C:\Users\ichirou\DM_simulation\src\engine\systems\card\card_registry.cpp">
      <Filter>Source Files</Filter>
    </ClCompile>
    <ClCompile Include="C:\Users\ichirou\DM_simulation\src\engine\systems\card\effect_system.cpp">
      <Filter>Source Files</Filter>
    </ClCompile>
    <ClCompile Include="C:\Users\ichirou\DM_simulation\src\engine\systems\card\condition_system.cpp">
      <Filter>Source Files</Filter>
    </ClCompile>
    <ClCompile Include="C:\Users\ichirou\DM_simulation\src\engine\systems\card\json_loader.cpp">
      <Filter>Source Files</Filter>
    </ClCompile>
    <ClCompile Include="C:\Users\ichirou\DM_simulation\src\engine\game_instance.cpp">
      <Filter>Source Files</Filter>
    </ClCompile>
    <ClCompile Include="C:\Users\ichirou\DM_simulation\src\engine\cost_payment_system.cpp">
      <Filter>Source Files</Filter>
    </ClCompile>
    <ClCompile Include="C:\Users\ichirou\DM_simulation\src\engine\systems\trigger_system\trigger_manager.cpp">
      <Filter>Source Files</Filter>
    </ClCompile>
    <ClCompile Include="C:\Users\ichirou\DM_simulation\src\engine\game_command\commands.cpp">
      <Filter>Source Files</Filter>
    </ClCompile>
    <ClCompile Include="C:\Users\ichirou\DM_simulation\src\engine\systems\pipeline_executor.cpp">
      <Filter>Source Files</Filter>
    </ClCompile>
    <ClCompile Include="C:\Users\ichirou\DM_simulation\src\engine\systems\command_system.cpp">
      <Filter>Source Files</Filter>
    </ClCompile>
    <ClCompile Include="C:\Users\ichirou\DM_simulation\src\engine\systems\game_logic_system.cpp">
      <Filter>Source Files</Filter>
    </ClCompile>
    <ClCompile Include="C:\Users\ichirou\DM_simulation\src\engine\systems\continuous_effect_system.cpp">
      <Filter>Source Files</Filter>
    </ClCompile>
    <ClCompile Include="C:\Users\ichirou\DM_simulation\src\ai\encoders\tensor_converter.cpp">
      <Filter>Source Files</Filter>
    </ClCompile>
    <ClCompile Include="C:\Users\ichirou\DM_simulation\src\ai\encoders\token_converter.cpp">
      <Filter>Source Files</Filter>
    </ClCompile>
    <ClCompile Include="C:\Users\ichirou\DM_simulation\src\ai\encoders\action_encoder.cpp">
      <Filter>Source Files</Filter>
    </ClCompile>
    <ClCompile Include="C:\Users\ichirou\DM_simulation\src\ai\mcts\mcts.cpp">
      <Filter>Source Files</Filter>
    </ClCompile>
    <ClCompile Include="C:\Users\ichirou\DM_simulation\src\ai\evaluator\heuristic_evaluator.cpp">
      <Filter>Source Files</Filter>
    </ClCompile>
    <ClCompile Include="C:\Users\ichirou\DM_simulation\src\ai\evaluator\beam_search_evaluator.cpp">
      <Filter>Source Files</Filter>
    </ClCompile>
    <ClCompile Include="C:\Users\ichirou\DM_simulation\src\ai\self_play\self_play.cpp">
      <Filter>Source Files</Filter>
    </ClCompile>
    <ClCompile Include="C:\Users\ichirou\DM_simulation\src\ai\self_play\parallel_runner.cpp">
      <Filter>Source Files</Filter>
    </ClCompile>
    <ClCompile Include="C:\Users\ichirou\DM_simulation\src\ai\agents\heuristic_agent.cpp">
      <Filter>Source Files</Filter>
    </ClCompile>
    <ClCompile Include="C:\Users\ichirou\DM_simulation\src\ai\data_collection\data_collector.cpp">
      <Filter>Source Files</Filter>
    </ClCompile>
    <ClCompile Include="C:\Users\ichirou\DM_simulation\src\ai\scenario\scenario_executor.cpp">
      <Filter>Source Files</Filter>
    </ClCompile>
    <ClCompile Include="C:\Users\ichirou\DM_simulation\src\ai\solver\lethal_solver.cpp">
      <Filter>Source Files</Filter>
    </ClCompile>
    <ClCompile Include="C:\Users\ichirou\DM_simulation\src\ai\evolution\deck_evolution.cpp">
      <Filter>Source Files</Filter>
    </ClCompile>
    <ClCompile Include="C:\Users\ichirou\DM_simulation\src\ai\evolution\meta_environment.cpp">
      <Filter>Source Files</Filter>
    </ClCompile>
    <ClCompile Include="C:\Users\ichirou\DM_simulation\src\bindings\python_batch_inference.cpp">
      <Filter>Source Files</Filter>
    </ClCompile>
    <ClCompile Include="C:\Users\ichirou\DM_simulation\src\ai\inference\pimc_generator.cpp">
      <Filter>Source Files</Filter>
    </ClCompile>
    <ClCompile Include="C:\Users\ichirou\DM_simulation\src\ai\inference\deck_inference.cpp">
      <Filter>Source Files</Filter>
    </ClCompile>
    <ClCompile Include="C:\Users\ichirou\DM_simulation\src\ai\pomdp\pomdp.cpp">
      <Filter>Source Files</Filter>
    </ClCompile>
    <ClCompile Include="C:\Users\ichirou\DM_simulation\src\ai\evaluator\neural_evaluator.cpp">
      <Filter>Source Files</Filter>
    </ClCompile>
    <ClCompile Include="C:\Users\ichirou\DM_simulation\src\ai\inference\onnx_model.cpp">
      <Filter>Source Files</Filter>
    </ClCompile>
  </ItemGroup>
  <ItemGroup>
    <ClInclude Include="C:\Users\ichirou\DM_simulation\src\core\types.hpp">
      <Filter>Header Files</Filter>
    </ClInclude>
    <ClInclude Include="C:\Users\ichirou\DM_simulation\src\core\constants.hpp">
      <Filter>Header Files</Filter>
    </ClInclude>
    <ClInclude Include="C:\Users\ichirou\DM_simulation\src\core\card_def.hpp">
      <Filter>Header Files</Filter>
    </ClInclude>
    <ClInclude Include="C:\Users\ichirou\DM_simulation\src\core\game_state.hpp">
      <Filter>Header Files</Filter>
    </ClInclude>
    <ClInclude Include="C:\Users\ichirou\DM_simulation\src\core\action.hpp">
      <Filter>Header Files</Filter>
    </ClInclude>
  </ItemGroup>
  <ItemGroup>
    <CustomBuild Include="C:\Users\ichirou\DM_simulation\CMakeLists.txt" />
  </ItemGroup>
  <ItemGroup>
    <Filter Include="Header Files">
      <UniqueIdentifier>{C43BCC19-7845-3823-825A-A8DC8496D371}</UniqueIdentifier>
    </Filter>
    <Filter Include="Source Files">
      <UniqueIdentifier>{744B01F1-306B-3982-A399-AB3F7FCF12CE}</UniqueIdentifier>
    </Filter>
  </ItemGroup>
</Project>
